
Microsoft Visual Studio Solution File, Format Version 12.00
# Visual Studio Version 17
VisualStudioVersion = 17.7.33808.371
MinimumVisualStudioVersion = 10.0.40219.1
Project("{9A19103F-16F7-4668-BE54-9A1E7A4F7556}") = "SOLID", "SOLID\SOLID.csproj", "{72AC5659-8DCA-48F8-8BC8-6D067DD3FB36}"
EndProject
Project("{9A19103F-16F7-4668-BE54-9A1E7A4F7556}") = "Builder Pattern", "Builder Pattern\Builder Pattern.csproj", "{CEFB4DB8-E477-4F92-88EC-CA0BA4506EE4}"
EndProject
Project("{9A19103F-16F7-4668-BE54-9A1E7A4F7556}") = "Factory Pattern", "Factory Pattern\Factory Pattern.csproj", "{2545CDDB-3638-43C7-BCE8-C8477F4D1027}"
EndProject
Project("{9A19103F-16F7-4668-BE54-9A1E7A4F7556}") = "Prototype Pattern", "Prototype Pattern\Prototype Pattern.csproj", "{99F27923-25A7-47DD-8E14-0B0130BD4262}"
EndProject
Project("{9A19103F-16F7-4668-BE54-9A1E7A4F7556}") = "Singleton Pattern", "Singleton Pattern\Singleton Pattern.csproj", "{E199CCEF-5219-463F-9331-BC94B650E66E}"
EndProject
Project("{9A19103F-16F7-4668-BE54-9A1E7A4F7556}") = "Adapter Pattern", "Adapter Pattern\Adapter Pattern.csproj", "{8B9CEB82-18A3-48FC-B414-810A99B08C62}"
EndProject
Project("{9A19103F-16F7-4668-BE54-9A1E7A4F7556}") = "Bridge Pattern", "Bridge Pattern\Bridge Pattern.csproj", "{1931B09A-E965-495E-BC85-00FA574E2C0F}"
EndProject
Project("{9A19103F-16F7-4668-BE54-9A1E7A4F7556}") = "Composite Pattern", "Composite Pattern\Composite Pattern.csproj", "{66914956-DE94-4138-8095-6CE4CF3AB3C0}"
EndProject
Project("{9A19103F-16F7-4668-BE54-9A1E7A4F7556}") = "Decorator Pattern", "Decorator\Decorator Pattern.csproj", "{F64B4070-9C38-443E-B084-AC462C084D4F}"
EndProject
Project("{9A19103F-16F7-4668-BE54-9A1E7A4F7556}") = "Facade Pattern", "Facade Pattern\Facade Pattern.csproj", "{CC9D1223-9102-45B5-BF8F-61AE22642201}"
EndProject
Project("{9A19103F-16F7-4668-BE54-9A1E7A4F7556}") = "FlyWeight Pattern", "FlyWeight Pattern\FlyWeight Pattern.csproj", "{6CAD3A4F-86D1-4A39-92FD-0B909E8C234A}"
EndProject
Project("{9A19103F-16F7-4668-BE54-9A1E7A4F7556}") = "Proxy Pattern", "Proxy Pattern\Proxy Pattern.csproj", "{F6D6A7BE-75D0-44A1-AE32-28968866590B}"
EndProject
Project("{9A19103F-16F7-4668-BE54-9A1E7A4F7556}") = "Chain Of Responsibility", "Chain Of Responsibility\Chain Of Responsibility.csproj", "{9805C33B-9EA7-4C96-B4EB-6D80C4719860}"
EndProject
Project("{2150E333-8FDC-42A3-9474-1A3956D46DE8}") = "Behavioral Patterns", "Behavioral Patterns", "{7BD09760-F26E-4814-945F-7FDFA5053E3D}"
EndProject
Project("{9A19103F-16F7-4668-BE54-9A1E7A4F7556}") = "Command Pattern", "Command Pattern\Command Pattern.csproj", "{AFDE063B-43B5-4471-B66E-03EC6BF36B49}"
EndProject
Project("{9A19103F-16F7-4668-BE54-9A1E7A4F7556}") = "Interpreter pattern", "Interpreter pattern\Interpreter pattern.csproj", "{288AF672-38B8-4438-BD36-BA845877DB75}"
EndProject
Project("{9A19103F-16F7-4668-BE54-9A1E7A4F7556}") = "Iterator Pattern", "Iterator Pattern\Iterator Pattern.csproj", "{07DB8C7A-0DD3-4022-9E1F-9C8BB87A43BB}"
EndProject
Project("{9A19103F-16F7-4668-BE54-9A1E7A4F7556}") = "Mediator Pattern", "Mediator Pattern\Mediator Pattern.csproj", "{0BA4E137-3A03-4173-93AC-DF675F6D09CB}"
EndProject
Project("{9A19103F-16F7-4668-BE54-9A1E7A4F7556}") = "Memento Pattern", "Memento Pattern\Memento Pattern.csproj", "{37451E15-69F7-40BD-AE93-D6F6A85B60F1}"
EndProject
Project("{9A19103F-16F7-4668-BE54-9A1E7A4F7556}") = "Null Object Pattern", "Null Object Pattern\Null Object Pattern.csproj", "{4123C3D1-226E-430A-80B6-9F2F1674829F}"
EndProject
Project("{FAE04EC0-301F-11D3-BF4B-00C04F79EFBC}") = "Observer Pattern", "Observer Pattern\Observer Pattern.csproj", "{3CBCBFF0-E1AF-4EE3-B028-0AB1BE735F93}"
EndProject
Project("{FAE04EC0-301F-11D3-BF4B-00C04F79EFBC}") = "State Pattern", "State Pattern\State Pattern.csproj", "{9852DDC4-C7D5-4181-B80C-A4E71FF81E06}"
EndProject
Global
	GlobalSection(SolutionConfigurationPlatforms) = preSolution
		Debug|Any CPU = Debug|Any CPU
		Release|Any CPU = Release|Any CPU
	EndGlobalSection
	GlobalSection(ProjectConfigurationPlatforms) = postSolution
		{72AC5659-8DCA-48F8-8BC8-6D067DD3FB36}.Debug|Any CPU.ActiveCfg = Debug|Any CPU
		{72AC5659-8DCA-48F8-8BC8-6D067DD3FB36}.Debug|Any CPU.Build.0 = Debug|Any CPU
		{72AC5659-8DCA-48F8-8BC8-6D067DD3FB36}.Release|Any CPU.ActiveCfg = Release|Any CPU
		{72AC5659-8DCA-48F8-8BC8-6D067DD3FB36}.Release|Any CPU.Build.0 = Release|Any CPU
		{CEFB4DB8-E477-4F92-88EC-CA0BA4506EE4}.Debug|Any CPU.ActiveCfg = Debug|Any CPU
		{CEFB4DB8-E477-4F92-88EC-CA0BA4506EE4}.Debug|Any CPU.Build.0 = Debug|Any CPU
		{CEFB4DB8-E477-4F92-88EC-CA0BA4506EE4}.Release|Any CPU.ActiveCfg = Release|Any CPU
		{CEFB4DB8-E477-4F92-88EC-CA0BA4506EE4}.Release|Any CPU.Build.0 = Release|Any CPU
		{2545CDDB-3638-43C7-BCE8-C8477F4D1027}.Debug|Any CPU.ActiveCfg = Debug|Any CPU
		{2545CDDB-3638-43C7-BCE8-C8477F4D1027}.Debug|Any CPU.Build.0 = Debug|Any CPU
		{2545CDDB-3638-43C7-BCE8-C8477F4D1027}.Release|Any CPU.ActiveCfg = Release|Any CPU
		{2545CDDB-3638-43C7-BCE8-C8477F4D1027}.Release|Any CPU.Build.0 = Release|Any CPU
		{99F27923-25A7-47DD-8E14-0B0130BD4262}.Debug|Any CPU.ActiveCfg = Debug|Any CPU
		{99F27923-25A7-47DD-8E14-0B0130BD4262}.Debug|Any CPU.Build.0 = Debug|Any CPU
		{99F27923-25A7-47DD-8E14-0B0130BD4262}.Release|Any CPU.ActiveCfg = Release|Any CPU
		{99F27923-25A7-47DD-8E14-0B0130BD4262}.Release|Any CPU.Build.0 = Release|Any CPU
		{E199CCEF-5219-463F-9331-BC94B650E66E}.Debug|Any CPU.ActiveCfg = Debug|Any CPU
		{E199CCEF-5219-463F-9331-BC94B650E66E}.Debug|Any CPU.Build.0 = Debug|Any CPU
		{E199CCEF-5219-463F-9331-BC94B650E66E}.Release|Any CPU.ActiveCfg = Release|Any CPU
		{E199CCEF-5219-463F-9331-BC94B650E66E}.Release|Any CPU.Build.0 = Release|Any CPU
		{8B9CEB82-18A3-48FC-B414-810A99B08C62}.Debug|Any CPU.ActiveCfg = Debug|Any CPU
		{8B9CEB82-18A3-48FC-B414-810A99B08C62}.Debug|Any CPU.Build.0 = Debug|Any CPU
		{8B9CEB82-18A3-48FC-B414-810A99B08C62}.Release|Any CPU.ActiveCfg = Release|Any CPU
		{8B9CEB82-18A3-48FC-B414-810A99B08C62}.Release|Any CPU.Build.0 = Release|Any CPU
		{1931B09A-E965-495E-BC85-00FA574E2C0F}.Debug|Any CPU.ActiveCfg = Debug|Any CPU
		{1931B09A-E965-495E-BC85-00FA574E2C0F}.Debug|Any CPU.Build.0 = Debug|Any CPU
		{1931B09A-E965-495E-BC85-00FA574E2C0F}.Release|Any CPU.ActiveCfg = Release|Any CPU
		{1931B09A-E965-495E-BC85-00FA574E2C0F}.Release|Any CPU.Build.0 = Release|Any CPU
		{66914956-DE94-4138-8095-6CE4CF3AB3C0}.Debug|Any CPU.ActiveCfg = Debug|Any CPU
		{66914956-DE94-4138-8095-6CE4CF3AB3C0}.Debug|Any CPU.Build.0 = Debug|Any CPU
		{66914956-DE94-4138-8095-6CE4CF3AB3C0}.Release|Any CPU.ActiveCfg = Release|Any CPU
		{66914956-DE94-4138-8095-6CE4CF3AB3C0}.Release|Any CPU.Build.0 = Release|Any CPU
		{F64B4070-9C38-443E-B084-AC462C084D4F}.Debug|Any CPU.ActiveCfg = Debug|Any CPU
		{F64B4070-9C38-443E-B084-AC462C084D4F}.Debug|Any CPU.Build.0 = Debug|Any CPU
		{F64B4070-9C38-443E-B084-AC462C084D4F}.Release|Any CPU.ActiveCfg = Release|Any CPU
		{F64B4070-9C38-443E-B084-AC462C084D4F}.Release|Any CPU.Build.0 = Release|Any CPU
		{CC9D1223-9102-45B5-BF8F-61AE22642201}.Debug|Any CPU.ActiveCfg = Debug|Any CPU
		{CC9D1223-9102-45B5-BF8F-61AE22642201}.Debug|Any CPU.Build.0 = Debug|Any CPU
		{CC9D1223-9102-45B5-BF8F-61AE22642201}.Release|Any CPU.ActiveCfg = Release|Any CPU
		{CC9D1223-9102-45B5-BF8F-61AE22642201}.Release|Any CPU.Build.0 = Release|Any CPU
		{6CAD3A4F-86D1-4A39-92FD-0B909E8C234A}.Debug|Any CPU.ActiveCfg = Debug|Any CPU
		{6CAD3A4F-86D1-4A39-92FD-0B909E8C234A}.Debug|Any CPU.Build.0 = Debug|Any CPU
		{6CAD3A4F-86D1-4A39-92FD-0B909E8C234A}.Release|Any CPU.ActiveCfg = Release|Any CPU
		{6CAD3A4F-86D1-4A39-92FD-0B909E8C234A}.Release|Any CPU.Build.0 = Release|Any CPU
		{F6D6A7BE-75D0-44A1-AE32-28968866590B}.Debug|Any CPU.ActiveCfg = Debug|Any CPU
		{F6D6A7BE-75D0-44A1-AE32-28968866590B}.Debug|Any CPU.Build.0 = Debug|Any CPU
		{F6D6A7BE-75D0-44A1-AE32-28968866590B}.Release|Any CPU.ActiveCfg = Release|Any CPU
		{F6D6A7BE-75D0-44A1-AE32-28968866590B}.Release|Any CPU.Build.0 = Release|Any CPU
		{9805C33B-9EA7-4C96-B4EB-6D80C4719860}.Debug|Any CPU.ActiveCfg = Debug|Any CPU
		{9805C33B-9EA7-4C96-B4EB-6D80C4719860}.Debug|Any CPU.Build.0 = Debug|Any CPU
		{9805C33B-9EA7-4C96-B4EB-6D80C4719860}.Release|Any CPU.ActiveCfg = Release|Any CPU
		{9805C33B-9EA7-4C96-B4EB-6D80C4719860}.Release|Any CPU.Build.0 = Release|Any CPU
		{AFDE063B-43B5-4471-B66E-03EC6BF36B49}.Debug|Any CPU.ActiveCfg = Debug|Any CPU
		{AFDE063B-43B5-4471-B66E-03EC6BF36B49}.Debug|Any CPU.Build.0 = Debug|Any CPU
		{AFDE063B-43B5-4471-B66E-03EC6BF36B49}.Release|Any CPU.ActiveCfg = Release|Any CPU
		{AFDE063B-43B5-4471-B66E-03EC6BF36B49}.Release|Any CPU.Build.0 = Release|Any CPU
		{288AF672-38B8-4438-BD36-BA845877DB75}.Debug|Any CPU.ActiveCfg = Debug|Any CPU
		{288AF672-38B8-4438-BD36-BA845877DB75}.Debug|Any CPU.Build.0 = Debug|Any CPU
		{288AF672-38B8-4438-BD36-BA845877DB75}.Release|Any CPU.ActiveCfg = Release|Any CPU
		{288AF672-38B8-4438-BD36-BA845877DB75}.Release|Any CPU.Build.0 = Release|Any CPU
		{07DB8C7A-0DD3-4022-9E1F-9C8BB87A43BB}.Debug|Any CPU.ActiveCfg = Debug|Any CPU
		{07DB8C7A-0DD3-4022-9E1F-9C8BB87A43BB}.Debug|Any CPU.Build.0 = Debug|Any CPU
		{07DB8C7A-0DD3-4022-9E1F-9C8BB87A43BB}.Release|Any CPU.ActiveCfg = Release|Any CPU
		{07DB8C7A-0DD3-4022-9E1F-9C8BB87A43BB}.Release|Any CPU.Build.0 = Release|Any CPU
		{0BA4E137-3A03-4173-93AC-DF675F6D09CB}.Debug|Any CPU.ActiveCfg = Debug|Any CPU
		{0BA4E137-3A03-4173-93AC-DF675F6D09CB}.Debug|Any CPU.Build.0 = Debug|Any CPU
		{0BA4E137-3A03-4173-93AC-DF675F6D09CB}.Release|Any CPU.ActiveCfg = Release|Any CPU
		{0BA4E137-3A03-4173-93AC-DF675F6D09CB}.Release|Any CPU.Build.0 = Release|Any CPU
		{37451E15-69F7-40BD-AE93-D6F6A85B60F1}.Debug|Any CPU.ActiveCfg = Debug|Any CPU
		{37451E15-69F7-40BD-AE93-D6F6A85B60F1}.Debug|Any CPU.Build.0 = Debug|Any CPU
		{37451E15-69F7-40BD-AE93-D6F6A85B60F1}.Release|Any CPU.ActiveCfg = Release|Any CPU
		{37451E15-69F7-40BD-AE93-D6F6A85B60F1}.Release|Any CPU.Build.0 = Release|Any CPU
		{4123C3D1-226E-430A-80B6-9F2F1674829F}.Debug|Any CPU.ActiveCfg = Debug|Any CPU
		{4123C3D1-226E-430A-80B6-9F2F1674829F}.Debug|Any CPU.Build.0 = Debug|Any CPU
		{4123C3D1-226E-430A-80B6-9F2F1674829F}.Release|Any CPU.ActiveCfg = Release|Any CPU
		{4123C3D1-226E-430A-80B6-9F2F1674829F}.Release|Any CPU.Build.0 = Release|Any CPU
		{3CBCBFF0-E1AF-4EE3-B028-0AB1BE735F93}.Debug|Any CPU.ActiveCfg = Debug|Any CPU
		{3CBCBFF0-E1AF-4EE3-B028-0AB1BE735F93}.Debug|Any CPU.Build.0 = Debug|Any CPU
		{3CBCBFF0-E1AF-4EE3-B028-0AB1BE735F93}.Release|Any CPU.ActiveCfg = Release|Any CPU
		{3CBCBFF0-E1AF-4EE3-B028-0AB1BE735F93}.Release|Any CPU.Build.0 = Release|Any CPU
		{9852DDC4-C7D5-4181-B80C-A4E71FF81E06}.Debug|Any CPU.ActiveCfg = Debug|Any CPU
		{9852DDC4-C7D5-4181-B80C-A4E71FF81E06}.Debug|Any CPU.Build.0 = Debug|Any CPU
		{9852DDC4-C7D5-4181-B80C-A4E71FF81E06}.Release|Any CPU.ActiveCfg = Release|Any CPU
		{9852DDC4-C7D5-4181-B80C-A4E71FF81E06}.Release|Any CPU.Build.0 = Release|Any CPU
	EndGlobalSection
	GlobalSection(SolutionProperties) = preSolution
		HideSolutionNode = FALSE
	EndGlobalSection
	GlobalSection(NestedProjects) = preSolution
		{9805C33B-9EA7-4C96-B4EB-6D80C4719860} = {7BD09760-F26E-4814-945F-7FDFA5053E3D}
		{AFDE063B-43B5-4471-B66E-03EC6BF36B49} = {7BD09760-F26E-4814-945F-7FDFA5053E3D}
		{288AF672-38B8-4438-BD36-BA845877DB75} = {7BD09760-F26E-4814-945F-7FDFA5053E3D}
		{07DB8C7A-0DD3-4022-9E1F-9C8BB87A43BB} = {7BD09760-F26E-4814-945F-7FDFA5053E3D}
		{0BA4E137-3A03-4173-93AC-DF675F6D09CB} = {7BD09760-F26E-4814-945F-7FDFA5053E3D}
		{37451E15-69F7-40BD-AE93-D6F6A85B60F1} = {7BD09760-F26E-4814-945F-7FDFA5053E3D}
		{4123C3D1-226E-430A-80B6-9F2F1674829F} = {7BD09760-F26E-4814-945F-7FDFA5053E3D}
		{3CBCBFF0-E1AF-4EE3-B028-0AB1BE735F93} = {7BD09760-F26E-4814-945F-7FDFA5053E3D}
		{9852DDC4-C7D5-4181-B80C-A4E71FF81E06} = {7BD09760-F26E-4814-945F-7FDFA5053E3D}
	EndGlobalSection
	GlobalSection(ExtensibilityGlobals) = postSolution
		SolutionGuid = {22B06B91-741D-47E0-9971-0817608EDA8E}
	EndGlobalSection
EndGlobal
